// !$*UTF8*$!
{
	archiveVersion = 1;
	classes = {
	};
	objectVersion = 52;
	objects = {

/* Begin PBXBuildFile section */
		E62B2F142639223000604A1C /* MapRow.swift in Sources */ = {isa = PBXBuildFile; fileRef = E62B2F132639223000604A1C /* MapRow.swift */; };
		E62C67B1263842FB00F1FDFE /* StatisticsRow.swift in Sources */ = {isa = PBXBuildFile; fileRef = E62C67B0263842FB00F1FDFE /* StatisticsRow.swift */; };
		E62C67B62638503D00F1FDFE /* Int+.swift in Sources */ = {isa = PBXBuildFile; fileRef = E62C67B52638503D00F1FDFE /* Int+.swift */; };
		E62C67BB2638546200F1FDFE /* ReusableRow.swift in Sources */ = {isa = PBXBuildFile; fileRef = E62C67BA2638546200F1FDFE /* ReusableRow.swift */; };
		E62C67C02638549400F1FDFE /* DescriptionRow.swift in Sources */ = {isa = PBXBuildFile; fileRef = E62C67BF2638549400F1FDFE /* DescriptionRow.swift */; };
		E62C67C52638703300F1FDFE /* ExifRow.swift in Sources */ = {isa = PBXBuildFile; fileRef = E62C67C42638703300F1FDFE /* ExifRow.swift */; };
		E633AAC0262EE6DB00ACB20E /* AppDelegate.swift in Sources */ = {isa = PBXBuildFile; fileRef = E633AABF262EE6DB00ACB20E /* AppDelegate.swift */; };
		E633AAC2262EE6DB00ACB20E /* SceneDelegate.swift in Sources */ = {isa = PBXBuildFile; fileRef = E633AAC1262EE6DB00ACB20E /* SceneDelegate.swift */; };
		E633AAC9262EE6DD00ACB20E /* Assets.xcassets in Resources */ = {isa = PBXBuildFile; fileRef = E633AAC8262EE6DD00ACB20E /* Assets.xcassets */; };
		E633AACC262EE6DD00ACB20E /* LaunchScreen.storyboard in Resources */ = {isa = PBXBuildFile; fileRef = E633AACA262EE6DD00ACB20E /* LaunchScreen.storyboard */; };
		E633AAD7262EE6DD00ACB20E /* PixlTests.swift in Sources */ = {isa = PBXBuildFile; fileRef = E633AAD6262EE6DD00ACB20E /* PixlTests.swift */; };
		E633AAE2262EE6DD00ACB20E /* PixlUITests.swift in Sources */ = {isa = PBXBuildFile; fileRef = E633AAE1262EE6DD00ACB20E /* PixlUITests.swift */; };
		E635599B2633DD9E00146CB6 /* PhotoCoordinator.swift in Sources */ = {isa = PBXBuildFile; fileRef = E635599A2633DD9E00146CB6 /* PhotoCoordinator.swift */; };
		E64AB366263006540099101C /* MainViewController.swift in Sources */ = {isa = PBXBuildFile; fileRef = E64AB365263006540099101C /* MainViewController.swift */; };
		E64AB36B263006D50099101C /* MainViewModel.swift in Sources */ = {isa = PBXBuildFile; fileRef = E64AB36A263006D50099101C /* MainViewModel.swift */; };
		E64BB22E263282690053C309 /* CodableX in Frameworks */ = {isa = PBXBuildFile; productRef = E64BB22D263282690053C309 /* CodableX */; };
		E64BB2342632863F0053C309 /* Kingfisher in Frameworks */ = {isa = PBXBuildFile; productRef = E64BB2332632863F0053C309 /* Kingfisher */; };
		E64BB2412632BFED0053C309 /* BlurHash.swift in Sources */ = {isa = PBXBuildFile; fileRef = E64BB2402632BFED0053C309 /* BlurHash.swift */; };
		E64BB2462632C7070053C309 /* CGSize+.swift in Sources */ = {isa = PBXBuildFile; fileRef = E64BB2452632C7070053C309 /* CGSize+.swift */; };
		E64BB25926330AD50053C309 /* AppCoordinator.swift in Sources */ = {isa = PBXBuildFile; fileRef = E64BB25826330AD50053C309 /* AppCoordinator.swift */; };
		E6504C422635C358008E7CD1 /* PhotoViewModel.swift in Sources */ = {isa = PBXBuildFile; fileRef = E6504C412635C358008E7CD1 /* PhotoViewModel.swift */; };
		E6504C472635D834008E7CD1 /* UIColor+.swift in Sources */ = {isa = PBXBuildFile; fileRef = E6504C462635D834008E7CD1 /* UIColor+.swift */; };
		E65209692636E2F90047F955 /* AppBarInjectable.swift in Sources */ = {isa = PBXBuildFile; fileRef = E65209682636E2F90047F955 /* AppBarInjectable.swift */; };
		E65209712636E5750047F955 /* AppBar.swift in Sources */ = {isa = PBXBuildFile; fileRef = E65209702636E5750047F955 /* AppBar.swift */; };
		E6559E40263701DD00F6F041 /* UIEdgeInsets+.swift in Sources */ = {isa = PBXBuildFile; fileRef = E6559E3F263701DD00F6F041 /* UIEdgeInsets+.swift */; };
		E660BB0C2631B83200739F15 /* APIService.swift in Sources */ = {isa = PBXBuildFile; fileRef = E660BB0B2631B83200739F15 /* APIService.swift */; };
		E660BB122631D03200739F15 /* Photo.swift in Sources */ = {isa = PBXBuildFile; fileRef = E660BB112631D03200739F15 /* Photo.swift */; };
		E68BFF97262FD96700CC908F /* LoginViewController.swift in Sources */ = {isa = PBXBuildFile; fileRef = E68BFF96262FD96700CC908F /* LoginViewController.swift */; };
		E68BFF9D262FDA2200CC908F /* XCoordinatorRx in Frameworks */ = {isa = PBXBuildFile; productRef = E68BFF9C262FDA2200CC908F /* XCoordinatorRx */; };
		E68BFFA2262FDB2100CC908F /* LoginViewModel.swift in Sources */ = {isa = PBXBuildFile; fileRef = E68BFFA1262FDB2100CC908F /* LoginViewModel.swift */; };
		E68BFFA8262FDC1E00CC908F /* Action in Frameworks */ = {isa = PBXBuildFile; productRef = E68BFFA7262FDC1E00CC908F /* Action */; };
		E68BFFAE262FDE5B00CC908F /* Bindable.swift in Sources */ = {isa = PBXBuildFile; fileRef = E68BFFAD262FDE5B00CC908F /* Bindable.swift */; };
		E68BFFB4262FE14500CC908F /* Then in Frameworks */ = {isa = PBXBuildFile; productRef = E68BFFB3262FE14500CC908F /* Then */; };
		E68BFFBA262FE6A200CC908F /* SnapKit in Frameworks */ = {isa = PBXBuildFile; productRef = E68BFFB9262FE6A200CC908F /* SnapKit */; };
		E68BFFC9262FEF9C00CC908F /* PhotosViewController.swift in Sources */ = {isa = PBXBuildFile; fileRef = E68BFFC8262FEF9C00CC908F /* PhotosViewController.swift */; };
		E68BFFD7262FF19400CC908F /* MainCoordinator.swift in Sources */ = {isa = PBXBuildFile; fileRef = E68BFFD6262FF19400CC908F /* MainCoordinator.swift */; };
		E68BFFDD262FF31300CC908F /* CollectionsViewController.swift in Sources */ = {isa = PBXBuildFile; fileRef = E68BFFDC262FF31300CC908F /* CollectionsViewController.swift */; };
		E68BFFE5262FFA8500CC908F /* HomeCoordinator.swift in Sources */ = {isa = PBXBuildFile; fileRef = E68BFFE4262FFA8500CC908F /* HomeCoordinator.swift */; };
		E68BFFEE263001FC00CC908F /* SettingsViewController.swift in Sources */ = {isa = PBXBuildFile; fileRef = E68BFFED263001FC00CC908F /* SettingsViewController.swift */; };
		E6975A632635342C00CA905D /* PhotoViewController.swift in Sources */ = {isa = PBXBuildFile; fileRef = E6975A622635342C00CA905D /* PhotoViewController.swift */; };
		E6A5E910262FD50F006576D5 /* RxSwift in Frameworks */ = {isa = PBXBuildFile; productRef = E6A5E90F262FD50F006576D5 /* RxSwift */; };
		E6A5E912262FD50F006576D5 /* RxRelay in Frameworks */ = {isa = PBXBuildFile; productRef = E6A5E911262FD50F006576D5 /* RxRelay */; };
		E6A5E914262FD50F006576D5 /* RxCocoa in Frameworks */ = {isa = PBXBuildFile; productRef = E6A5E913262FD50F006576D5 /* RxCocoa */; };
		E6A5E916262FD50F006576D5 /* RxBlocking in Frameworks */ = {isa = PBXBuildFile; productRef = E6A5E915262FD50F006576D5 /* RxBlocking */; };
		E6A5E91C262FD586006576D5 /* RxAlamofire in Frameworks */ = {isa = PBXBuildFile; productRef = E6A5E91B262FD586006576D5 /* RxAlamofire */; };
		E6A5E924262FD5F3006576D5 /* XCoordinator in Frameworks */ = {isa = PBXBuildFile; productRef = E6A5E923262FD5F3006576D5 /* XCoordinator */; };
		E6A5E92C262FD666006576D5 /* AuthCoordinator.swift in Sources */ = {isa = PBXBuildFile; fileRef = E6A5E92B262FD666006576D5 /* AuthCoordinator.swift */; };
		E6D1DA6C26368ED7009C6A78 /* UINavigationController+.swift in Sources */ = {isa = PBXBuildFile; fileRef = E6D1DA6B26368ED7009C6A78 /* UINavigationController+.swift */; };
		E6D1DA75263695E8009C6A78 /* UserViewController.swift in Sources */ = {isa = PBXBuildFile; fileRef = E6D1DA74263695E8009C6A78 /* UserViewController.swift */; };
		E6D9E636263189B2005BB2A7 /* UIView+.swift in Sources */ = {isa = PBXBuildFile; fileRef = E6D9E635263189B2005BB2A7 /* UIView+.swift */; };
		E6EDACFE263972470062EAD9 /* TagListView in Frameworks */ = {isa = PBXBuildFile; productRef = E6EDACFD263972470062EAD9 /* TagListView */; };
		E6EDAD0326397A8D0062EAD9 /* TagRow.swift in Sources */ = {isa = PBXBuildFile; fileRef = E6EDAD0226397A8D0062EAD9 /* TagRow.swift */; };
		E6EF7A9526307F6900CFFE5E /* UIImage+.swift in Sources */ = {isa = PBXBuildFile; fileRef = E6EF7A9426307F6800CFFE5E /* UIImage+.swift */; };
		E6FE84F026305FA90018E269 /* WaterfallLayout.swift in Sources */ = {isa = PBXBuildFile; fileRef = E6FE84EF26305FA90018E269 /* WaterfallLayout.swift */; };
		E6FE84F5263062770018E269 /* PhotosViewModel.swift in Sources */ = {isa = PBXBuildFile; fileRef = E6FE84F4263062770018E269 /* PhotosViewModel.swift */; };
		E6FE850026306BB30018E269 /* PhotoCell.swift in Sources */ = {isa = PBXBuildFile; fileRef = E6FE84FF26306BB30018E269 /* PhotoCell.swift */; };
		E6FEA14A2637D6210062AE72 /* UserProfileRow.swift in Sources */ = {isa = PBXBuildFile; fileRef = E6FEA1492637D6210062AE72 /* UserProfileRow.swift */; };
/* End PBXBuildFile section */

/* Begin PBXContainerItemProxy section */
		E633AAD3262EE6DD00ACB20E /* PBXContainerItemProxy */ = {
			isa = PBXContainerItemProxy;
			containerPortal = E633AAB4262EE6DB00ACB20E /* Project object */;
			proxyType = 1;
			remoteGlobalIDString = E633AABB262EE6DB00ACB20E;
			remoteInfo = Pixl;
		};
		E633AADE262EE6DD00ACB20E /* PBXContainerItemProxy */ = {
			isa = PBXContainerItemProxy;
			containerPortal = E633AAB4262EE6DB00ACB20E /* Project object */;
			proxyType = 1;
			remoteGlobalIDString = E633AABB262EE6DB00ACB20E;
			remoteInfo = Pixl;
		};
/* End PBXContainerItemProxy section */

/* Begin PBXFileReference section */
		E62B2F132639223000604A1C /* MapRow.swift */ = {isa = PBXFileReference; lastKnownFileType = sourcecode.swift; path = MapRow.swift; sourceTree = "<group>"; };
		E62C67B0263842FB00F1FDFE /* StatisticsRow.swift */ = {isa = PBXFileReference; lastKnownFileType = sourcecode.swift; path = StatisticsRow.swift; sourceTree = "<group>"; };
		E62C67B52638503D00F1FDFE /* Int+.swift */ = {isa = PBXFileReference; lastKnownFileType = sourcecode.swift; path = "Int+.swift"; sourceTree = "<group>"; };
		E62C67BA2638546200F1FDFE /* ReusableRow.swift */ = {isa = PBXFileReference; lastKnownFileType = sourcecode.swift; path = ReusableRow.swift; sourceTree = "<group>"; };
		E62C67BF2638549400F1FDFE /* DescriptionRow.swift */ = {isa = PBXFileReference; lastKnownFileType = sourcecode.swift; path = DescriptionRow.swift; sourceTree = "<group>"; };
		E62C67C42638703300F1FDFE /* ExifRow.swift */ = {isa = PBXFileReference; lastKnownFileType = sourcecode.swift; path = ExifRow.swift; sourceTree = "<group>"; };
		E633AABC262EE6DB00ACB20E /* Pixl.app */ = {isa = PBXFileReference; explicitFileType = wrapper.application; includeInIndex = 0; path = Pixl.app; sourceTree = BUILT_PRODUCTS_DIR; };
		E633AABF262EE6DB00ACB20E /* AppDelegate.swift */ = {isa = PBXFileReference; lastKnownFileType = sourcecode.swift; path = AppDelegate.swift; sourceTree = "<group>"; };
		E633AAC1262EE6DB00ACB20E /* SceneDelegate.swift */ = {isa = PBXFileReference; lastKnownFileType = sourcecode.swift; path = SceneDelegate.swift; sourceTree = "<group>"; };
		E633AAC8262EE6DD00ACB20E /* Assets.xcassets */ = {isa = PBXFileReference; lastKnownFileType = folder.assetcatalog; path = Assets.xcassets; sourceTree = "<group>"; };
		E633AACB262EE6DD00ACB20E /* Base */ = {isa = PBXFileReference; lastKnownFileType = file.storyboard; name = Base; path = Base.lproj/LaunchScreen.storyboard; sourceTree = "<group>"; };
		E633AACD262EE6DD00ACB20E /* Info.plist */ = {isa = PBXFileReference; lastKnownFileType = text.plist.xml; path = Info.plist; sourceTree = "<group>"; };
		E633AAD2262EE6DD00ACB20E /* PixlTests.xctest */ = {isa = PBXFileReference; explicitFileType = wrapper.cfbundle; includeInIndex = 0; path = PixlTests.xctest; sourceTree = BUILT_PRODUCTS_DIR; };
		E633AAD6262EE6DD00ACB20E /* PixlTests.swift */ = {isa = PBXFileReference; lastKnownFileType = sourcecode.swift; path = PixlTests.swift; sourceTree = "<group>"; };
		E633AAD8262EE6DD00ACB20E /* Info.plist */ = {isa = PBXFileReference; lastKnownFileType = text.plist.xml; path = Info.plist; sourceTree = "<group>"; };
		E633AADD262EE6DD00ACB20E /* PixlUITests.xctest */ = {isa = PBXFileReference; explicitFileType = wrapper.cfbundle; includeInIndex = 0; path = PixlUITests.xctest; sourceTree = BUILT_PRODUCTS_DIR; };
		E633AAE1262EE6DD00ACB20E /* PixlUITests.swift */ = {isa = PBXFileReference; lastKnownFileType = sourcecode.swift; path = PixlUITests.swift; sourceTree = "<group>"; };
		E633AAE3262EE6DD00ACB20E /* Info.plist */ = {isa = PBXFileReference; lastKnownFileType = text.plist.xml; path = Info.plist; sourceTree = "<group>"; };
		E635599A2633DD9E00146CB6 /* PhotoCoordinator.swift */ = {isa = PBXFileReference; lastKnownFileType = sourcecode.swift; path = PhotoCoordinator.swift; sourceTree = "<group>"; };
		E64AB365263006540099101C /* MainViewController.swift */ = {isa = PBXFileReference; lastKnownFileType = sourcecode.swift; path = MainViewController.swift; sourceTree = "<group>"; };
		E64AB36A263006D50099101C /* MainViewModel.swift */ = {isa = PBXFileReference; lastKnownFileType = sourcecode.swift; path = MainViewModel.swift; sourceTree = "<group>"; };
		E64BB2402632BFED0053C309 /* BlurHash.swift */ = {isa = PBXFileReference; lastKnownFileType = sourcecode.swift; path = BlurHash.swift; sourceTree = "<group>"; };
		E64BB2452632C7070053C309 /* CGSize+.swift */ = {isa = PBXFileReference; lastKnownFileType = sourcecode.swift; path = "CGSize+.swift"; sourceTree = "<group>"; };
		E64BB25826330AD50053C309 /* AppCoordinator.swift */ = {isa = PBXFileReference; lastKnownFileType = sourcecode.swift; path = AppCoordinator.swift; sourceTree = "<group>"; };
		E6504C412635C358008E7CD1 /* PhotoViewModel.swift */ = {isa = PBXFileReference; lastKnownFileType = sourcecode.swift; path = PhotoViewModel.swift; sourceTree = "<group>"; };
		E6504C462635D834008E7CD1 /* UIColor+.swift */ = {isa = PBXFileReference; lastKnownFileType = sourcecode.swift; path = "UIColor+.swift"; sourceTree = "<group>"; };
		E65209682636E2F90047F955 /* AppBarInjectable.swift */ = {isa = PBXFileReference; lastKnownFileType = sourcecode.swift; path = AppBarInjectable.swift; sourceTree = "<group>"; };
		E65209702636E5750047F955 /* AppBar.swift */ = {isa = PBXFileReference; lastKnownFileType = sourcecode.swift; path = AppBar.swift; sourceTree = "<group>"; };
		E6559E3F263701DD00F6F041 /* UIEdgeInsets+.swift */ = {isa = PBXFileReference; lastKnownFileType = sourcecode.swift; path = "UIEdgeInsets+.swift"; sourceTree = "<group>"; };
		E660BB0B2631B83200739F15 /* APIService.swift */ = {isa = PBXFileReference; lastKnownFileType = sourcecode.swift; path = APIService.swift; sourceTree = "<group>"; };
		E660BB112631D03200739F15 /* Photo.swift */ = {isa = PBXFileReference; lastKnownFileType = sourcecode.swift; path = Photo.swift; sourceTree = "<group>"; };
		E68BFF96262FD96700CC908F /* LoginViewController.swift */ = {isa = PBXFileReference; lastKnownFileType = sourcecode.swift; path = LoginViewController.swift; sourceTree = "<group>"; };
		E68BFFA1262FDB2100CC908F /* LoginViewModel.swift */ = {isa = PBXFileReference; lastKnownFileType = sourcecode.swift; path = LoginViewModel.swift; sourceTree = "<group>"; };
		E68BFFAD262FDE5B00CC908F /* Bindable.swift */ = {isa = PBXFileReference; lastKnownFileType = sourcecode.swift; path = Bindable.swift; sourceTree = "<group>"; };
		E68BFFC8262FEF9C00CC908F /* PhotosViewController.swift */ = {isa = PBXFileReference; lastKnownFileType = sourcecode.swift; path = PhotosViewController.swift; sourceTree = "<group>"; };
		E68BFFD6262FF19400CC908F /* MainCoordinator.swift */ = {isa = PBXFileReference; lastKnownFileType = sourcecode.swift; path = MainCoordinator.swift; sourceTree = "<group>"; };
		E68BFFDC262FF31300CC908F /* CollectionsViewController.swift */ = {isa = PBXFileReference; lastKnownFileType = sourcecode.swift; path = CollectionsViewController.swift; sourceTree = "<group>"; };
		E68BFFE4262FFA8500CC908F /* HomeCoordinator.swift */ = {isa = PBXFileReference; lastKnownFileType = sourcecode.swift; path = HomeCoordinator.swift; sourceTree = "<group>"; };
		E68BFFED263001FC00CC908F /* SettingsViewController.swift */ = {isa = PBXFileReference; lastKnownFileType = sourcecode.swift; path = SettingsViewController.swift; sourceTree = "<group>"; };
		E6975A622635342C00CA905D /* PhotoViewController.swift */ = {isa = PBXFileReference; lastKnownFileType = sourcecode.swift; path = PhotoViewController.swift; sourceTree = "<group>"; };
		E6A5E92B262FD666006576D5 /* AuthCoordinator.swift */ = {isa = PBXFileReference; lastKnownFileType = sourcecode.swift; path = AuthCoordinator.swift; sourceTree = "<group>"; };
		E6D1DA6B26368ED7009C6A78 /* UINavigationController+.swift */ = {isa = PBXFileReference; lastKnownFileType = sourcecode.swift; path = "UINavigationController+.swift"; sourceTree = "<group>"; };
		E6D1DA74263695E8009C6A78 /* UserViewController.swift */ = {isa = PBXFileReference; lastKnownFileType = sourcecode.swift; path = UserViewController.swift; sourceTree = "<group>"; };
		E6D9E635263189B2005BB2A7 /* UIView+.swift */ = {isa = PBXFileReference; lastKnownFileType = sourcecode.swift; path = "UIView+.swift"; sourceTree = "<group>"; };
		E6EDAD0226397A8D0062EAD9 /* TagRow.swift */ = {isa = PBXFileReference; lastKnownFileType = sourcecode.swift; path = TagRow.swift; sourceTree = "<group>"; };
		E6EF7A9426307F6800CFFE5E /* UIImage+.swift */ = {isa = PBXFileReference; lastKnownFileType = sourcecode.swift; path = "UIImage+.swift"; sourceTree = "<group>"; };
		E6FE84EF26305FA90018E269 /* WaterfallLayout.swift */ = {isa = PBXFileReference; lastKnownFileType = sourcecode.swift; path = WaterfallLayout.swift; sourceTree = "<group>"; };
		E6FE84F4263062770018E269 /* PhotosViewModel.swift */ = {isa = PBXFileReference; lastKnownFileType = sourcecode.swift; path = PhotosViewModel.swift; sourceTree = "<group>"; };
		E6FE84FF26306BB30018E269 /* PhotoCell.swift */ = {isa = PBXFileReference; lastKnownFileType = sourcecode.swift; path = PhotoCell.swift; sourceTree = "<group>"; };
		E6FEA1492637D6210062AE72 /* UserProfileRow.swift */ = {isa = PBXFileReference; lastKnownFileType = sourcecode.swift; path = UserProfileRow.swift; sourceTree = "<group>"; };
/* End PBXFileReference section */

/* Begin PBXFrameworksBuildPhase section */
		E633AAB9262EE6DB00ACB20E /* Frameworks */ = {
			isa = PBXFrameworksBuildPhase;
			buildActionMask = 2147483647;
			files = (
				E64BB2342632863F0053C309 /* Kingfisher in Frameworks */,
				E68BFF9D262FDA2200CC908F /* XCoordinatorRx in Frameworks */,
				E68BFFB4262FE14500CC908F /* Then in Frameworks */,
				E6A5E914262FD50F006576D5 /* RxCocoa in Frameworks */,
				E6A5E916262FD50F006576D5 /* RxBlocking in Frameworks */,
				E6EDACFE263972470062EAD9 /* TagListView in Frameworks */,
				E6A5E912262FD50F006576D5 /* RxRelay in Frameworks */,
				E68BFFA8262FDC1E00CC908F /* Action in Frameworks */,
				E6A5E91C262FD586006576D5 /* RxAlamofire in Frameworks */,
				E64BB22E263282690053C309 /* CodableX in Frameworks */,
				E6A5E924262FD5F3006576D5 /* XCoordinator in Frameworks */,
				E6A5E910262FD50F006576D5 /* RxSwift in Frameworks */,
				E68BFFBA262FE6A200CC908F /* SnapKit in Frameworks */,
			);
			runOnlyForDeploymentPostprocessing = 0;
		};
		E633AACF262EE6DD00ACB20E /* Frameworks */ = {
			isa = PBXFrameworksBuildPhase;
			buildActionMask = 2147483647;
			files = (
			);
			runOnlyForDeploymentPostprocessing = 0;
		};
		E633AADA262EE6DD00ACB20E /* Frameworks */ = {
			isa = PBXFrameworksBuildPhase;
			buildActionMask = 2147483647;
			files = (
			);
			runOnlyForDeploymentPostprocessing = 0;
		};
/* End PBXFrameworksBuildPhase section */

/* Begin PBXGroup section */
		E633AAB3262EE6DB00ACB20E = {
			isa = PBXGroup;
			children = (
				E633AABE262EE6DB00ACB20E /* Pixl */,
				E633AAD5262EE6DD00ACB20E /* PixlTests */,
				E633AAE0262EE6DD00ACB20E /* PixlUITests */,
				E633AABD262EE6DB00ACB20E /* Products */,
				E68BFF9B262FDA2200CC908F /* Frameworks */,
			);
			sourceTree = "<group>";
		};
		E633AABD262EE6DB00ACB20E /* Products */ = {
			isa = PBXGroup;
			children = (
				E633AABC262EE6DB00ACB20E /* Pixl.app */,
				E633AAD2262EE6DD00ACB20E /* PixlTests.xctest */,
				E633AADD262EE6DD00ACB20E /* PixlUITests.xctest */,
			);
			name = Products;
			sourceTree = "<group>";
		};
		E633AABE262EE6DB00ACB20E /* Pixl */ = {
			isa = PBXGroup;
			children = (
				E633AAF9262EE77E00ACB20E /* Coordinators */,
				E633AAF2262EE6F800ACB20E /* Core */,
				E6EF7A9326307F5900CFFE5E /* Extensions */,
				E633AACD262EE6DD00ACB20E /* Info.plist */,
				E660BB102631D01C00739F15 /* Models */,
				E68BFF94262FD92000CC908F /* Scenes */,
				E6D9E6402631B6A2005BB2A7 /* Services */,
				E68BFFAC262FDE3300CC908F /* Utils */,
				E6FE84ED26305F640018E269 /* Views */,
			);
			path = Pixl;
			sourceTree = "<group>";
		};
		E633AAD5262EE6DD00ACB20E /* PixlTests */ = {
			isa = PBXGroup;
			children = (
				E633AAD6262EE6DD00ACB20E /* PixlTests.swift */,
				E633AAD8262EE6DD00ACB20E /* Info.plist */,
			);
			path = PixlTests;
			sourceTree = "<group>";
		};
		E633AAE0262EE6DD00ACB20E /* PixlUITests */ = {
			isa = PBXGroup;
			children = (
				E633AAE1262EE6DD00ACB20E /* PixlUITests.swift */,
				E633AAE3262EE6DD00ACB20E /* Info.plist */,
			);
			path = PixlUITests;
			sourceTree = "<group>";
		};
		E633AAF2262EE6F800ACB20E /* Core */ = {
			isa = PBXGroup;
			children = (
				E633AABF262EE6DB00ACB20E /* AppDelegate.swift */,
				E633AAC8262EE6DD00ACB20E /* Assets.xcassets */,
				E633AACA262EE6DD00ACB20E /* LaunchScreen.storyboard */,
				E633AAC1262EE6DB00ACB20E /* SceneDelegate.swift */,
			);
			path = Core;
			sourceTree = "<group>";
		};
		E633AAF9262EE77E00ACB20E /* Coordinators */ = {
			isa = PBXGroup;
			children = (
				E64BB25826330AD50053C309 /* AppCoordinator.swift */,
				E6A5E92B262FD666006576D5 /* AuthCoordinator.swift */,
				E68BFFE4262FFA8500CC908F /* HomeCoordinator.swift */,
				E68BFFD6262FF19400CC908F /* MainCoordinator.swift */,
				E635599A2633DD9E00146CB6 /* PhotoCoordinator.swift */,
			);
			path = Coordinators;
			sourceTree = "<group>";
		};
		E64AB361263006250099101C /* Main */ = {
			isa = PBXGroup;
			children = (
				E68BFFDB262FF30000CC908F /* Collections */,
				E68BFFC6262FEF6400CC908F /* Photos */,
				E64AB365263006540099101C /* MainViewController.swift */,
				E64AB36A263006D50099101C /* MainViewModel.swift */,
			);
			path = Main;
			sourceTree = "<group>";
		};
		E6559E3B2636FB2F00F6F041 /* Photo */ = {
			isa = PBXGroup;
			children = (
				E6FEA1492637D6210062AE72 /* UserProfileRow.swift */,
				E62C67B0263842FB00F1FDFE /* StatisticsRow.swift */,
				E62C67BA2638546200F1FDFE /* ReusableRow.swift */,
				E62C67BF2638549400F1FDFE /* DescriptionRow.swift */,
				E62C67C42638703300F1FDFE /* ExifRow.swift */,
				E62B2F132639223000604A1C /* MapRow.swift */,
				E6EDAD0226397A8D0062EAD9 /* TagRow.swift */,
			);
			path = Photo;
			sourceTree = "<group>";
		};
		E660BB102631D01C00739F15 /* Models */ = {
			isa = PBXGroup;
			children = (
				E660BB112631D03200739F15 /* Photo.swift */,
			);
			path = Models;
			sourceTree = "<group>";
		};
		E677E542263317F6007AAB6A /* Photo */ = {
			isa = PBXGroup;
			children = (
				E6975A622635342C00CA905D /* PhotoViewController.swift */,
				E6504C412635C358008E7CD1 /* PhotoViewModel.swift */,
			);
			path = Photo;
			sourceTree = "<group>";
		};
		E68BFF94262FD92000CC908F /* Scenes */ = {
			isa = PBXGroup;
			children = (
				E6D1DA70263695A2009C6A78 /* User */,
				E677E542263317F6007AAB6A /* Photo */,
				E68BFFEC263001E900CC908F /* Settings */,
				E64AB361263006250099101C /* Main */,
				E68BFF95262FD95300CC908F /* Login */,
			);
			path = Scenes;
			sourceTree = "<group>";
		};
		E68BFF95262FD95300CC908F /* Login */ = {
			isa = PBXGroup;
			children = (
				E68BFF96262FD96700CC908F /* LoginViewController.swift */,
				E68BFFA1262FDB2100CC908F /* LoginViewModel.swift */,
			);
			path = Login;
			sourceTree = "<group>";
		};
		E68BFF9B262FDA2200CC908F /* Frameworks */ = {
			isa = PBXGroup;
			children = (
			);
			name = Frameworks;
			sourceTree = "<group>";
		};
		E68BFFAC262FDE3300CC908F /* Utils */ = {
			isa = PBXGroup;
			children = (
				E68BFFAD262FDE5B00CC908F /* Bindable.swift */,
				E64BB2402632BFED0053C309 /* BlurHash.swift */,
				E65209682636E2F90047F955 /* AppBarInjectable.swift */,
			);
			path = Utils;
			sourceTree = "<group>";
		};
		E68BFFC6262FEF6400CC908F /* Photos */ = {
			isa = PBXGroup;
			children = (
				E68BFFC8262FEF9C00CC908F /* PhotosViewController.swift */,
				E6FE84F4263062770018E269 /* PhotosViewModel.swift */,
			);
			path = Photos;
			sourceTree = "<group>";
		};
		E68BFFDB262FF30000CC908F /* Collections */ = {
			isa = PBXGroup;
			children = (
				E68BFFDC262FF31300CC908F /* CollectionsViewController.swift */,
			);
			path = Collections;
			sourceTree = "<group>";
		};
		E68BFFEC263001E900CC908F /* Settings */ = {
			isa = PBXGroup;
			children = (
				E68BFFED263001FC00CC908F /* SettingsViewController.swift */,
			);
			path = Settings;
			sourceTree = "<group>";
		};
		E6D1DA70263695A2009C6A78 /* User */ = {
			isa = PBXGroup;
			children = (
				E6D1DA74263695E8009C6A78 /* UserViewController.swift */,
			);
			path = User;
			sourceTree = "<group>";
		};
		E6D9E6402631B6A2005BB2A7 /* Services */ = {
			isa = PBXGroup;
			children = (
				E660BB0B2631B83200739F15 /* APIService.swift */,
			);
			path = Services;
			sourceTree = "<group>";
		};
		E6EF7A9326307F5900CFFE5E /* Extensions */ = {
			isa = PBXGroup;
			children = (
				E64BB2452632C7070053C309 /* CGSize+.swift */,
				E6EF7A9426307F6800CFFE5E /* UIImage+.swift */,
				E6D9E635263189B2005BB2A7 /* UIView+.swift */,
				E6504C462635D834008E7CD1 /* UIColor+.swift */,
				E6D1DA6B26368ED7009C6A78 /* UINavigationController+.swift */,
				E6559E3F263701DD00F6F041 /* UIEdgeInsets+.swift */,
				E62C67B52638503D00F1FDFE /* Int+.swift */,
			);
			path = Extensions;
			sourceTree = "<group>";
		};
		E6FE84ED26305F640018E269 /* Views */ = {
			isa = PBXGroup;
			children = (
				E6559E3B2636FB2F00F6F041 /* Photo */,
				E6FE84FE26306B7E0018E269 /* Cells */,
				E6FE84EE26305F830018E269 /* Layouts */,
				E65209702636E5750047F955 /* AppBar.swift */,
			);
			path = Views;
			sourceTree = "<group>";
		};
		E6FE84EE26305F830018E269 /* Layouts */ = {
			isa = PBXGroup;
			children = (
				E6FE84EF26305FA90018E269 /* WaterfallLayout.swift */,
			);
			path = Layouts;
			sourceTree = "<group>";
		};
		E6FE84FE26306B7E0018E269 /* Cells */ = {
			isa = PBXGroup;
			children = (
				E6FE84FF26306BB30018E269 /* PhotoCell.swift */,
			);
			path = Cells;
			sourceTree = "<group>";
		};
/* End PBXGroup section */

/* Begin PBXNativeTarget section */
		E633AABB262EE6DB00ACB20E /* Pixl */ = {
			isa = PBXNativeTarget;
			buildConfigurationList = E633AAE6262EE6DD00ACB20E /* Build configuration list for PBXNativeTarget "Pixl" */;
			buildPhases = (
				E633AAB8262EE6DB00ACB20E /* Sources */,
				E633AAB9262EE6DB00ACB20E /* Frameworks */,
				E633AABA262EE6DB00ACB20E /* Resources */,
			);
			buildRules = (
			);
			dependencies = (
			);
			name = Pixl;
			packageProductDependencies = (
				E6A5E90F262FD50F006576D5 /* RxSwift */,
				E6A5E911262FD50F006576D5 /* RxRelay */,
				E6A5E913262FD50F006576D5 /* RxCocoa */,
				E6A5E915262FD50F006576D5 /* RxBlocking */,
				E6A5E91B262FD586006576D5 /* RxAlamofire */,
				E6A5E923262FD5F3006576D5 /* XCoordinator */,
				E68BFF9C262FDA2200CC908F /* XCoordinatorRx */,
				E68BFFA7262FDC1E00CC908F /* Action */,
				E68BFFB3262FE14500CC908F /* Then */,
				E68BFFB9262FE6A200CC908F /* SnapKit */,
				E64BB22D263282690053C309 /* CodableX */,
				E64BB2332632863F0053C309 /* Kingfisher */,
				E6EDACFD263972470062EAD9 /* TagListView */,
			);
			productName = Pixl;
			productReference = E633AABC262EE6DB00ACB20E /* Pixl.app */;
			productType = "com.apple.product-type.application";
		};
		E633AAD1262EE6DD00ACB20E /* PixlTests */ = {
			isa = PBXNativeTarget;
			buildConfigurationList = E633AAE9262EE6DD00ACB20E /* Build configuration list for PBXNativeTarget "PixlTests" */;
			buildPhases = (
				E633AACE262EE6DD00ACB20E /* Sources */,
				E633AACF262EE6DD00ACB20E /* Frameworks */,
				E633AAD0262EE6DD00ACB20E /* Resources */,
			);
			buildRules = (
			);
			dependencies = (
				E633AAD4262EE6DD00ACB20E /* PBXTargetDependency */,
			);
			name = PixlTests;
			productName = PixlTests;
			productReference = E633AAD2262EE6DD00ACB20E /* PixlTests.xctest */;
			productType = "com.apple.product-type.bundle.unit-test";
		};
		E633AADC262EE6DD00ACB20E /* PixlUITests */ = {
			isa = PBXNativeTarget;
			buildConfigurationList = E633AAEC262EE6DD00ACB20E /* Build configuration list for PBXNativeTarget "PixlUITests" */;
			buildPhases = (
				E633AAD9262EE6DD00ACB20E /* Sources */,
				E633AADA262EE6DD00ACB20E /* Frameworks */,
				E633AADB262EE6DD00ACB20E /* Resources */,
			);
			buildRules = (
			);
			dependencies = (
				E633AADF262EE6DD00ACB20E /* PBXTargetDependency */,
			);
			name = PixlUITests;
			productName = PixlUITests;
			productReference = E633AADD262EE6DD00ACB20E /* PixlUITests.xctest */;
			productType = "com.apple.product-type.bundle.ui-testing";
		};
/* End PBXNativeTarget section */

/* Begin PBXProject section */
		E633AAB4262EE6DB00ACB20E /* Project object */ = {
			isa = PBXProject;
			attributes = {
				LastSwiftUpdateCheck = 1240;
				LastUpgradeCheck = 1240;
				TargetAttributes = {
					E633AABB262EE6DB00ACB20E = {
						CreatedOnToolsVersion = 12.4;
					};
					E633AAD1262EE6DD00ACB20E = {
						CreatedOnToolsVersion = 12.4;
						TestTargetID = E633AABB262EE6DB00ACB20E;
					};
					E633AADC262EE6DD00ACB20E = {
						CreatedOnToolsVersion = 12.4;
						TestTargetID = E633AABB262EE6DB00ACB20E;
					};
				};
			};
			buildConfigurationList = E633AAB7262EE6DB00ACB20E /* Build configuration list for PBXProject "Pixl" */;
			compatibilityVersion = "Xcode 9.3";
			developmentRegion = en;
			hasScannedForEncodings = 0;
			knownRegions = (
				en,
				Base,
			);
			mainGroup = E633AAB3262EE6DB00ACB20E;
			packageReferences = (
				E6A5E90E262FD50F006576D5 /* XCRemoteSwiftPackageReference "RxSwift" */,
				E6A5E91A262FD586006576D5 /* XCRemoteSwiftPackageReference "RxAlamofire" */,
				E6A5E920262FD5F3006576D5 /* XCRemoteSwiftPackageReference "XCoordinator" */,
				E68BFFA6262FDC1E00CC908F /* XCRemoteSwiftPackageReference "Action" */,
				E68BFFB2262FE14500CC908F /* XCRemoteSwiftPackageReference "Then" */,
				E68BFFB8262FE6A200CC908F /* XCRemoteSwiftPackageReference "SnapKit" */,
				E64BB22C263282690053C309 /* XCRemoteSwiftPackageReference "CodableX" */,
				E64BB2322632863F0053C309 /* XCRemoteSwiftPackageReference "Kingfisher" */,
				E6EDACFC263972470062EAD9 /* XCRemoteSwiftPackageReference "TagListView" */,
			);
			productRefGroup = E633AABD262EE6DB00ACB20E /* Products */;
			projectDirPath = "";
			projectRoot = "";
			targets = (
				E633AABB262EE6DB00ACB20E /* Pixl */,
				E633AAD1262EE6DD00ACB20E /* PixlTests */,
				E633AADC262EE6DD00ACB20E /* PixlUITests */,
			);
		};
/* End PBXProject section */

/* Begin PBXResourcesBuildPhase section */
		E633AABA262EE6DB00ACB20E /* Resources */ = {
			isa = PBXResourcesBuildPhase;
			buildActionMask = 2147483647;
			files = (
				E633AACC262EE6DD00ACB20E /* LaunchScreen.storyboard in Resources */,
				E633AAC9262EE6DD00ACB20E /* Assets.xcassets in Resources */,
			);
			runOnlyForDeploymentPostprocessing = 0;
		};
		E633AAD0262EE6DD00ACB20E /* Resources */ = {
			isa = PBXResourcesBuildPhase;
			buildActionMask = 2147483647;
			files = (
			);
			runOnlyForDeploymentPostprocessing = 0;
		};
		E633AADB262EE6DD00ACB20E /* Resources */ = {
			isa = PBXResourcesBuildPhase;
			buildActionMask = 2147483647;
			files = (
			);
			runOnlyForDeploymentPostprocessing = 0;
		};
/* End PBXResourcesBuildPhase section */

/* Begin PBXSourcesBuildPhase section */
		E633AAB8262EE6DB00ACB20E /* Sources */ = {
			isa = PBXSourcesBuildPhase;
			buildActionMask = 2147483647;
			files = (
				E68BFFDD262FF31300CC908F /* CollectionsViewController.swift in Sources */,
				E6D1DA75263695E8009C6A78 /* UserViewController.swift in Sources */,
				E6FEA14A2637D6210062AE72 /* UserProfileRow.swift in Sources */,
				E6EDAD0326397A8D0062EAD9 /* TagRow.swift in Sources */,
				E62C67BB2638546200F1FDFE /* ReusableRow.swift in Sources */,
				E6559E40263701DD00F6F041 /* UIEdgeInsets+.swift in Sources */,
				E660BB0C2631B83200739F15 /* APIService.swift in Sources */,
				E62C67B1263842FB00F1FDFE /* StatisticsRow.swift in Sources */,
				E635599B2633DD9E00146CB6 /* PhotoCoordinator.swift in Sources */,
				E64BB2462632C7070053C309 /* CGSize+.swift in Sources */,
				E65209692636E2F90047F955 /* AppBarInjectable.swift in Sources */,
				E68BFFEE263001FC00CC908F /* SettingsViewController.swift in Sources */,
				E6FE84F026305FA90018E269 /* WaterfallLayout.swift in Sources */,
				E62C67C52638703300F1FDFE /* ExifRow.swift in Sources */,
				E660BB122631D03200739F15 /* Photo.swift in Sources */,
				E62C67B62638503D00F1FDFE /* Int+.swift in Sources */,
				E64BB25926330AD50053C309 /* AppCoordinator.swift in Sources */,
				E6D1DA6C26368ED7009C6A78 /* UINavigationController+.swift in Sources */,
				E68BFFC9262FEF9C00CC908F /* PhotosViewController.swift in Sources */,
				E64AB366263006540099101C /* MainViewController.swift in Sources */,
				E6FE850026306BB30018E269 /* PhotoCell.swift in Sources */,
				E6A5E92C262FD666006576D5 /* AuthCoordinator.swift in Sources */,
				E64AB36B263006D50099101C /* MainViewModel.swift in Sources */,
				E68BFFAE262FDE5B00CC908F /* Bindable.swift in Sources */,
				E62C67C02638549400F1FDFE /* DescriptionRow.swift in Sources */,
				E64BB2412632BFED0053C309 /* BlurHash.swift in Sources */,
				E68BFFA2262FDB2100CC908F /* LoginViewModel.swift in Sources */,
				E633AAC0262EE6DB00ACB20E /* AppDelegate.swift in Sources */,
				E6504C472635D834008E7CD1 /* UIColor+.swift in Sources */,
				E68BFF97262FD96700CC908F /* LoginViewController.swift in Sources */,
				E68BFFE5262FFA8500CC908F /* HomeCoordinator.swift in Sources */,
				E6FE84F5263062770018E269 /* PhotosViewModel.swift in Sources */,
				E6D9E636263189B2005BB2A7 /* UIView+.swift in Sources */,
				E62B2F142639223000604A1C /* MapRow.swift in Sources */,
				E6EF7A9526307F6900CFFE5E /* UIImage+.swift in Sources */,
				E633AAC2262EE6DB00ACB20E /* SceneDelegate.swift in Sources */,
				E6504C422635C358008E7CD1 /* PhotoViewModel.swift in Sources */,
				E68BFFD7262FF19400CC908F /* MainCoordinator.swift in Sources */,
				E65209712636E5750047F955 /* AppBar.swift in Sources */,
				E6975A632635342C00CA905D /* PhotoViewController.swift in Sources */,
			);
			runOnlyForDeploymentPostprocessing = 0;
		};
		E633AACE262EE6DD00ACB20E /* Sources */ = {
			isa = PBXSourcesBuildPhase;
			buildActionMask = 2147483647;
			files = (
				E633AAD7262EE6DD00ACB20E /* PixlTests.swift in Sources */,
			);
			runOnlyForDeploymentPostprocessing = 0;
		};
		E633AAD9262EE6DD00ACB20E /* Sources */ = {
			isa = PBXSourcesBuildPhase;
			buildActionMask = 2147483647;
			files = (
				E633AAE2262EE6DD00ACB20E /* PixlUITests.swift in Sources */,
			);
			runOnlyForDeploymentPostprocessing = 0;
		};
/* End PBXSourcesBuildPhase section */

/* Begin PBXTargetDependency section */
		E633AAD4262EE6DD00ACB20E /* PBXTargetDependency */ = {
			isa = PBXTargetDependency;
			target = E633AABB262EE6DB00ACB20E /* Pixl */;
			targetProxy = E633AAD3262EE6DD00ACB20E /* PBXContainerItemProxy */;
		};
		E633AADF262EE6DD00ACB20E /* PBXTargetDependency */ = {
			isa = PBXTargetDependency;
			target = E633AABB262EE6DB00ACB20E /* Pixl */;
			targetProxy = E633AADE262EE6DD00ACB20E /* PBXContainerItemProxy */;
		};
/* End PBXTargetDependency section */

/* Begin PBXVariantGroup section */
		E633AACA262EE6DD00ACB20E /* LaunchScreen.storyboard */ = {
			isa = PBXVariantGroup;
			children = (
				E633AACB262EE6DD00ACB20E /* Base */,
			);
			name = LaunchScreen.storyboard;
			sourceTree = "<group>";
		};
/* End PBXVariantGroup section */

/* Begin XCBuildConfiguration section */
		E633AAE4262EE6DD00ACB20E /* Debug */ = {
			isa = XCBuildConfiguration;
			buildSettings = {
				ALWAYS_SEARCH_USER_PATHS = NO;
				CLANG_ANALYZER_NONNULL = YES;
				CLANG_ANALYZER_NUMBER_OBJECT_CONVERSION = YES_AGGRESSIVE;
				CLANG_CXX_LANGUAGE_STANDARD = "gnu++14";
				CLANG_CXX_LIBRARY = "libc++";
				CLANG_ENABLE_MODULES = YES;
				CLANG_ENABLE_OBJC_ARC = YES;
				CLANG_ENABLE_OBJC_WEAK = YES;
				CLANG_WARN_BLOCK_CAPTURE_AUTORELEASING = YES;
				CLANG_WARN_BOOL_CONVERSION = YES;
				CLANG_WARN_COMMA = YES;
				CLANG_WARN_CONSTANT_CONVERSION = YES;
				CLANG_WARN_DEPRECATED_OBJC_IMPLEMENTATIONS = YES;
				CLANG_WARN_DIRECT_OBJC_ISA_USAGE = YES_ERROR;
				CLANG_WARN_DOCUMENTATION_COMMENTS = YES;
				CLANG_WARN_EMPTY_BODY = YES;
				CLANG_WARN_ENUM_CONVERSION = YES;
				CLANG_WARN_INFINITE_RECURSION = YES;
				CLANG_WARN_INT_CONVERSION = YES;
				CLANG_WARN_NON_LITERAL_NULL_CONVERSION = YES;
				CLANG_WARN_OBJC_IMPLICIT_RETAIN_SELF = YES;
				CLANG_WARN_OBJC_LITERAL_CONVERSION = YES;
				CLANG_WARN_OBJC_ROOT_CLASS = YES_ERROR;
				CLANG_WARN_QUOTED_INCLUDE_IN_FRAMEWORK_HEADER = YES;
				CLANG_WARN_RANGE_LOOP_ANALYSIS = YES;
				CLANG_WARN_STRICT_PROTOTYPES = YES;
				CLANG_WARN_SUSPICIOUS_MOVE = YES;
				CLANG_WARN_UNGUARDED_AVAILABILITY = YES_AGGRESSIVE;
				CLANG_WARN_UNREACHABLE_CODE = YES;
				CLANG_WARN__DUPLICATE_METHOD_MATCH = YES;
				COPY_PHASE_STRIP = NO;
				DEBUG_INFORMATION_FORMAT = dwarf;
				ENABLE_STRICT_OBJC_MSGSEND = YES;
				ENABLE_TESTABILITY = YES;
				GCC_C_LANGUAGE_STANDARD = gnu11;
				GCC_DYNAMIC_NO_PIC = NO;
				GCC_NO_COMMON_BLOCKS = YES;
				GCC_OPTIMIZATION_LEVEL = 0;
				GCC_PREPROCESSOR_DEFINITIONS = (
					"DEBUG=1",
					"$(inherited)",
				);
				GCC_WARN_64_TO_32_BIT_CONVERSION = YES;
				GCC_WARN_ABOUT_RETURN_TYPE = YES_ERROR;
				GCC_WARN_UNDECLARED_SELECTOR = YES;
				GCC_WARN_UNINITIALIZED_AUTOS = YES_AGGRESSIVE;
				GCC_WARN_UNUSED_FUNCTION = YES;
				GCC_WARN_UNUSED_VARIABLE = YES;
				IPHONEOS_DEPLOYMENT_TARGET = 14.4;
				MTL_ENABLE_DEBUG_INFO = INCLUDE_SOURCE;
				MTL_FAST_MATH = YES;
				ONLY_ACTIVE_ARCH = YES;
				SDKROOT = iphoneos;
				SWIFT_ACTIVE_COMPILATION_CONDITIONS = DEBUG;
				SWIFT_OPTIMIZATION_LEVEL = "-Onone";
			};
			name = Debug;
		};
		E633AAE5262EE6DD00ACB20E /* Release */ = {
			isa = XCBuildConfiguration;
			buildSettings = {
				ALWAYS_SEARCH_USER_PATHS = NO;
				CLANG_ANALYZER_NONNULL = YES;
				CLANG_ANALYZER_NUMBER_OBJECT_CONVERSION = YES_AGGRESSIVE;
				CLANG_CXX_LANGUAGE_STANDARD = "gnu++14";
				CLANG_CXX_LIBRARY = "libc++";
				CLANG_ENABLE_MODULES = YES;
				CLANG_ENABLE_OBJC_ARC = YES;
				CLANG_ENABLE_OBJC_WEAK = YES;
				CLANG_WARN_BLOCK_CAPTURE_AUTORELEASING = YES;
				CLANG_WARN_BOOL_CONVERSION = YES;
				CLANG_WARN_COMMA = YES;
				CLANG_WARN_CONSTANT_CONVERSION = YES;
				CLANG_WARN_DEPRECATED_OBJC_IMPLEMENTATIONS = YES;
				CLANG_WARN_DIRECT_OBJC_ISA_USAGE = YES_ERROR;
				CLANG_WARN_DOCUMENTATION_COMMENTS = YES;
				CLANG_WARN_EMPTY_BODY = YES;
				CLANG_WARN_ENUM_CONVERSION = YES;
				CLANG_WARN_INFINITE_RECURSION = YES;
				CLANG_WARN_INT_CONVERSION = YES;
				CLANG_WARN_NON_LITERAL_NULL_CONVERSION = YES;
				CLANG_WARN_OBJC_IMPLICIT_RETAIN_SELF = YES;
				CLANG_WARN_OBJC_LITERAL_CONVERSION = YES;
				CLANG_WARN_OBJC_ROOT_CLASS = YES_ERROR;
				CLANG_WARN_QUOTED_INCLUDE_IN_FRAMEWORK_HEADER = YES;
				CLANG_WARN_RANGE_LOOP_ANALYSIS = YES;
				CLANG_WARN_STRICT_PROTOTYPES = YES;
				CLANG_WARN_SUSPICIOUS_MOVE = YES;
				CLANG_WARN_UNGUARDED_AVAILABILITY = YES_AGGRESSIVE;
				CLANG_WARN_UNREACHABLE_CODE = YES;
				CLANG_WARN__DUPLICATE_METHOD_MATCH = YES;
				COPY_PHASE_STRIP = NO;
				DEBUG_INFORMATION_FORMAT = "dwarf-with-dsym";
				ENABLE_NS_ASSERTIONS = NO;
				ENABLE_STRICT_OBJC_MSGSEND = YES;
				GCC_C_LANGUAGE_STANDARD = gnu11;
				GCC_NO_COMMON_BLOCKS = YES;
				GCC_WARN_64_TO_32_BIT_CONVERSION = YES;
				GCC_WARN_ABOUT_RETURN_TYPE = YES_ERROR;
				GCC_WARN_UNDECLARED_SELECTOR = YES;
				GCC_WARN_UNINITIALIZED_AUTOS = YES_AGGRESSIVE;
				GCC_WARN_UNUSED_FUNCTION = YES;
				GCC_WARN_UNUSED_VARIABLE = YES;
				IPHONEOS_DEPLOYMENT_TARGET = 14.4;
				MTL_ENABLE_DEBUG_INFO = NO;
				MTL_FAST_MATH = YES;
				SDKROOT = iphoneos;
				SWIFT_COMPILATION_MODE = wholemodule;
				SWIFT_OPTIMIZATION_LEVEL = "-O";
				VALIDATE_PRODUCT = YES;
			};
			name = Release;
		};
		E633AAE7262EE6DD00ACB20E /* Debug */ = {
			isa = XCBuildConfiguration;
			buildSettings = {
				ASSETCATALOG_COMPILER_APPICON_NAME = AppIcon;
				ASSETCATALOG_COMPILER_GLOBAL_ACCENT_COLOR_NAME = AccentColor;
				CODE_SIGN_STYLE = Automatic;
				INFOPLIST_FILE = Pixl/Info.plist;
				LD_RUNPATH_SEARCH_PATHS = (
					"$(inherited)",
					"@executable_path/Frameworks",
				);
				PRODUCT_BUNDLE_IDENTIFIER = com.dscyrescotti.Pixl;
				PRODUCT_NAME = "$(TARGET_NAME)";
				SWIFT_VERSION = 5.0;
				TARGETED_DEVICE_FAMILY = "1,2";
			};
			name = Debug;
		};
		E633AAE8262EE6DD00ACB20E /* Release */ = {
			isa = XCBuildConfiguration;
			buildSettings = {
				ASSETCATALOG_COMPILER_APPICON_NAME = AppIcon;
				ASSETCATALOG_COMPILER_GLOBAL_ACCENT_COLOR_NAME = AccentColor;
				CODE_SIGN_STYLE = Automatic;
				INFOPLIST_FILE = Pixl/Info.plist;
				LD_RUNPATH_SEARCH_PATHS = (
					"$(inherited)",
					"@executable_path/Frameworks",
				);
				PRODUCT_BUNDLE_IDENTIFIER = com.dscyrescotti.Pixl;
				PRODUCT_NAME = "$(TARGET_NAME)";
				SWIFT_VERSION = 5.0;
				TARGETED_DEVICE_FAMILY = "1,2";
			};
			name = Release;
		};
		E633AAEA262EE6DD00ACB20E /* Debug */ = {
			isa = XCBuildConfiguration;
			buildSettings = {
				ALWAYS_EMBED_SWIFT_STANDARD_LIBRARIES = YES;
				BUNDLE_LOADER = "$(TEST_HOST)";
				CODE_SIGN_STYLE = Automatic;
				INFOPLIST_FILE = PixlTests/Info.plist;
				IPHONEOS_DEPLOYMENT_TARGET = 14.4;
				LD_RUNPATH_SEARCH_PATHS = (
					"$(inherited)",
					"@executable_path/Frameworks",
					"@loader_path/Frameworks",
				);
				PRODUCT_BUNDLE_IDENTIFIER = com.dscyrescotti.PixlTests;
				PRODUCT_NAME = "$(TARGET_NAME)";
				SWIFT_VERSION = 5.0;
				TARGETED_DEVICE_FAMILY = "1,2";
				TEST_HOST = "$(BUILT_PRODUCTS_DIR)/Pixl.app/Pixl";
			};
			name = Debug;
		};
		E633AAEB262EE6DD00ACB20E /* Release */ = {
			isa = XCBuildConfiguration;
			buildSettings = {
				ALWAYS_EMBED_SWIFT_STANDARD_LIBRARIES = YES;
				BUNDLE_LOADER = "$(TEST_HOST)";
				CODE_SIGN_STYLE = Automatic;
				INFOPLIST_FILE = PixlTests/Info.plist;
				IPHONEOS_DEPLOYMENT_TARGET = 14.4;
				LD_RUNPATH_SEARCH_PATHS = (
					"$(inherited)",
					"@executable_path/Frameworks",
					"@loader_path/Frameworks",
				);
				PRODUCT_BUNDLE_IDENTIFIER = com.dscyrescotti.PixlTests;
				PRODUCT_NAME = "$(TARGET_NAME)";
				SWIFT_VERSION = 5.0;
				TARGETED_DEVICE_FAMILY = "1,2";
				TEST_HOST = "$(BUILT_PRODUCTS_DIR)/Pixl.app/Pixl";
			};
			name = Release;
		};
		E633AAED262EE6DD00ACB20E /* Debug */ = {
			isa = XCBuildConfiguration;
			buildSettings = {
				ALWAYS_EMBED_SWIFT_STANDARD_LIBRARIES = YES;
				CODE_SIGN_STYLE = Automatic;
				INFOPLIST_FILE = PixlUITests/Info.plist;
				LD_RUNPATH_SEARCH_PATHS = (
					"$(inherited)",
					"@executable_path/Frameworks",
					"@loader_path/Frameworks",
				);
				PRODUCT_BUNDLE_IDENTIFIER = com.dscyrescotti.PixlUITests;
				PRODUCT_NAME = "$(TARGET_NAME)";
				SWIFT_VERSION = 5.0;
				TARGETED_DEVICE_FAMILY = "1,2";
				TEST_TARGET_NAME = Pixl;
			};
			name = Debug;
		};
		E633AAEE262EE6DD00ACB20E /* Release */ = {
			isa = XCBuildConfiguration;
			buildSettings = {
				ALWAYS_EMBED_SWIFT_STANDARD_LIBRARIES = YES;
				CODE_SIGN_STYLE = Automatic;
				INFOPLIST_FILE = PixlUITests/Info.plist;
				LD_RUNPATH_SEARCH_PATHS = (
					"$(inherited)",
					"@executable_path/Frameworks",
					"@loader_path/Frameworks",
				);
				PRODUCT_BUNDLE_IDENTIFIER = com.dscyrescotti.PixlUITests;
				PRODUCT_NAME = "$(TARGET_NAME)";
				SWIFT_VERSION = 5.0;
				TARGETED_DEVICE_FAMILY = "1,2";
				TEST_TARGET_NAME = Pixl;
			};
			name = Release;
		};
/* End XCBuildConfiguration section */

/* Begin XCConfigurationList section */
		E633AAB7262EE6DB00ACB20E /* Build configuration list for PBXProject "Pixl" */ = {
			isa = XCConfigurationList;
			buildConfigurations = (
				E633AAE4262EE6DD00ACB20E /* Debug */,
				E633AAE5262EE6DD00ACB20E /* Release */,
			);
			defaultConfigurationIsVisible = 0;
			defaultConfigurationName = Release;
		};
		E633AAE6262EE6DD00ACB20E /* Build configuration list for PBXNativeTarget "Pixl" */ = {
			isa = XCConfigurationList;
			buildConfigurations = (
				E633AAE7262EE6DD00ACB20E /* Debug */,
				E633AAE8262EE6DD00ACB20E /* Release */,
			);
			defaultConfigurationIsVisible = 0;
			defaultConfigurationName = Release;
		};
		E633AAE9262EE6DD00ACB20E /* Build configuration list for PBXNativeTarget "PixlTests" */ = {
			isa = XCConfigurationList;
			buildConfigurations = (
				E633AAEA262EE6DD00ACB20E /* Debug */,
				E633AAEB262EE6DD00ACB20E /* Release */,
			);
			defaultConfigurationIsVisible = 0;
			defaultConfigurationName = Release;
		};
		E633AAEC262EE6DD00ACB20E /* Build configuration list for PBXNativeTarget "PixlUITests" */ = {
			isa = XCConfigurationList;
			buildConfigurations = (
				E633AAED262EE6DD00ACB20E /* Debug */,
				E633AAEE262EE6DD00ACB20E /* Release */,
			);
			defaultConfigurationIsVisible = 0;
			defaultConfigurationName = Release;
		};
/* End XCConfigurationList section */

/* Begin XCRemoteSwiftPackageReference section */
		E64BB22C263282690053C309 /* XCRemoteSwiftPackageReference "CodableX" */ = {
			isa = XCRemoteSwiftPackageReference;
			repositoryURL = "https://github.com/dscyrescotti/CodableX";
			requirement = {
				kind = upToNextMajorVersion;
				minimumVersion = 0.1.1;
			};
		};
		E64BB2322632863F0053C309 /* XCRemoteSwiftPackageReference "Kingfisher" */ = {
			isa = XCRemoteSwiftPackageReference;
			repositoryURL = "https://github.com/onevcat/Kingfisher.git";
			requirement = {
				kind = upToNextMajorVersion;
				minimumVersion = 6.3.0;
			};
		};
		E68BFFA6262FDC1E00CC908F /* XCRemoteSwiftPackageReference "Action" */ = {
			isa = XCRemoteSwiftPackageReference;
			repositoryURL = "https://github.com/RxSwiftCommunity/Action.git";
			requirement = {
				kind = upToNextMajorVersion;
				minimumVersion = 4.3.0;
			};
		};
		E68BFFB2262FE14500CC908F /* XCRemoteSwiftPackageReference "Then" */ = {
			isa = XCRemoteSwiftPackageReference;
			repositoryURL = "https://github.com/devxoul/Then.git";
			requirement = {
				kind = upToNextMajorVersion;
				minimumVersion = 2.7.0;
			};
		};
		E68BFFB8262FE6A200CC908F /* XCRemoteSwiftPackageReference "SnapKit" */ = {
			isa = XCRemoteSwiftPackageReference;
			repositoryURL = "https://github.com/SnapKit/SnapKit.git";
			requirement = {
				kind = upToNextMajorVersion;
				minimumVersion = 5.0.1;
			};
		};
		E6A5E90E262FD50F006576D5 /* XCRemoteSwiftPackageReference "RxSwift" */ = {
			isa = XCRemoteSwiftPackageReference;
			repositoryURL = "https://github.com/ReactiveX/RxSwift.git";
			requirement = {
				kind = upToNextMajorVersion;
				minimumVersion = 6.1.0;
			};
		};
		E6A5E91A262FD586006576D5 /* XCRemoteSwiftPackageReference "RxAlamofire" */ = {
			isa = XCRemoteSwiftPackageReference;
			repositoryURL = "https://github.com/RxSwiftCommunity/RxAlamofire.git";
			requirement = {
				kind = upToNextMajorVersion;
				minimumVersion = 6.1.1;
			};
		};
		E6A5E920262FD5F3006576D5 /* XCRemoteSwiftPackageReference "XCoordinator" */ = {
			isa = XCRemoteSwiftPackageReference;
			repositoryURL = "https://github.com/quickbirdstudios/XCoordinator.git";
			requirement = {
				branch = rxswift6;
				kind = branch;
			};
		};
		E6EDACFC263972470062EAD9 /* XCRemoteSwiftPackageReference "TagListView" */ = {
			isa = XCRemoteSwiftPackageReference;
			repositoryURL = "https://github.com/ElaWorkshop/TagListView.git";
			requirement = {
				kind = upToNextMajorVersion;
				minimumVersion = 1.4.1;
			};
		};
/* End XCRemoteSwiftPackageReference section */

/* Begin XCSwiftPackageProductDependency section */
		E64BB22D263282690053C309 /* CodableX */ = {
			isa = XCSwiftPackageProductDependency;
			package = E64BB22C263282690053C309 /* XCRemoteSwiftPackageReference "CodableX" */;
			productName = CodableX;
		};
		E64BB2332632863F0053C309 /* Kingfisher */ = {
			isa = XCSwiftPackageProductDependency;
			package = E64BB2322632863F0053C309 /* XCRemoteSwiftPackageReference "Kingfisher" */;
			productName = Kingfisher;
		};
		E68BFF9C262FDA2200CC908F /* XCoordinatorRx */ = {
			isa = XCSwiftPackageProductDependency;
			package = E6A5E920262FD5F3006576D5 /* XCRemoteSwiftPackageReference "XCoordinator" */;
			productName = XCoordinatorRx;
		};
		E68BFFA7262FDC1E00CC908F /* Action */ = {
			isa = XCSwiftPackageProductDependency;
			package = E68BFFA6262FDC1E00CC908F /* XCRemoteSwiftPackageReference "Action" */;
			productName = Action;
		};
		E68BFFB3262FE14500CC908F /* Then */ = {
			isa = XCSwiftPackageProductDependency;
			package = E68BFFB2262FE14500CC908F /* XCRemoteSwiftPackageReference "Then" */;
			productName = Then;
		};
		E68BFFB9262FE6A200CC908F /* SnapKit */ = {
			isa = XCSwiftPackageProductDependency;
			package = E68BFFB8262FE6A200CC908F /* XCRemoteSwiftPackageReference "SnapKit" */;
			productName = SnapKit;
		};
		E6A5E90F262FD50F006576D5 /* RxSwift */ = {
			isa = XCSwiftPackageProductDependency;
			package = E6A5E90E262FD50F006576D5 /* XCRemoteSwiftPackageReference "RxSwift" */;
			productName = RxSwift;
		};
		E6A5E911262FD50F006576D5 /* RxRelay */ = {
			isa = XCSwiftPackageProductDependency;
			package = E6A5E90E262FD50F006576D5 /* XCRemoteSwiftPackageReference "RxSwift" */;
			productName = RxRelay;
		};
		E6A5E913262FD50F006576D5 /* RxCocoa */ = {
			isa = XCSwiftPackageProductDependency;
			package = E6A5E90E262FD50F006576D5 /* XCRemoteSwiftPackageReference "RxSwift" */;
			productName = RxCocoa;
		};
		E6A5E915262FD50F006576D5 /* RxBlocking */ = {
			isa = XCSwiftPackageProductDependency;
			package = E6A5E90E262FD50F006576D5 /* XCRemoteSwiftPackageReference "RxSwift" */;
			productName = RxBlocking;
		};
		E6A5E91B262FD586006576D5 /* RxAlamofire */ = {
			isa = XCSwiftPackageProductDependency;
			package = E6A5E91A262FD586006576D5 /* XCRemoteSwiftPackageReference "RxAlamofire" */;
			productName = RxAlamofire;
		};
		E6A5E923262FD5F3006576D5 /* XCoordinator */ = {
			isa = XCSwiftPackageProductDependency;
			package = E6A5E920262FD5F3006576D5 /* XCRemoteSwiftPackageReference "XCoordinator" */;
			productName = XCoordinator;
		};
		E6EDACFD263972470062EAD9 /* TagListView */ = {
			isa = XCSwiftPackageProductDependency;
			package = E6EDACFC263972470062EAD9 /* XCRemoteSwiftPackageReference "TagListView" */;
			productName = TagListView;
		};
/* End XCSwiftPackageProductDependency section */
	};
	rootObject = E633AAB4262EE6DB00ACB20E /* Project object */;
}
